
Microsoft Visual Studio Solution File, Format Version 10.00
# Visual Studio 2008
Project("{FAE04EC0-301F-11D3-BF4B-00C04F79EFBC}") = "sterowanieSilnikami", "sterowanieSilnikami\sterowanieSilnikami.csproj", "{DA6E83BB-E737-4AE6-BE68-01C6B2DDA902}"
EndProject
Global
	GlobalSection(SolutionConfigurationPlatforms) = preSolution
		Debug|Any CPU = Debug|Any CPU
		Release|Any CPU = Release|Any CPU
	EndGlobalSection
	GlobalSection(ProjectConfigurationPlatforms) = postSolution
		{DA6E83BB-E737-4AE6-BE68-01C6B2DDA902}.Debug|Any CPU.ActiveCfg = Debug|Any CPU
		{DA6E83BB-E737-4AE6-BE68-01C6B2DDA902}.Debug|Any CPU.Build.0 = Debug|Any CPU
		{DA6E83BB-E737-4AE6-BE68-01C6B2DDA902}.Release|Any CPU.ActiveCfg = Release|Any CPU
		{DA6E83BB-E737-4AE6-BE68-01C6B2DDA902}.Release|Any CPU.Build.0 = Release|Any CPU
	EndGlobalSection
	GlobalSection(SolutionProperties) = preSolution
		HideSolutionNode = FALSE
	EndGlobalSection
EndGlobal
